
Microsoft Visual Studio Solution File, Format Version 12.00
# Visual Studio Version 16
VisualStudioVersion = 16.0.34601.136
MinimumVisualStudioVersion = 10.0.40219.1
Project("{FAE04EC0-301F-11D3-BF4B-00C04F79EFBC}") = "Student", "Student\Student.csproj", "{9330F6CD-02EE-4A49-8AD6-E46D9C27E047}"
EndProject
Global
	GlobalSection(SolutionConfigurationPlatforms) = preSolution
		Debug|Any CPU = Debug|Any CPU
		Release|Any CPU = Release|Any CPU
	EndGlobalSection
	GlobalSection(ProjectConfigurationPlatforms) = postSolution
		{9330F6CD-02EE-4A49-8AD6-E46D9C27E047}.Debug|Any CPU.ActiveCfg = Debug|Any CPU
		{9330F6CD-02EE-4A49-8AD6-E46D9C27E047}.Debug|Any CPU.Build.0 = Debug|Any CPU
		{9330F6CD-02EE-4A49-8AD6-E46D9C27E047}.Release|Any CPU.ActiveCfg = Release|Any CPU
		{9330F6CD-02EE-4A49-8AD6-E46D9C27E047}.Release|Any CPU.Build.0 = Release|Any CPU
	EndGlobalSection
	GlobalSection(SolutionProperties) = preSolution
		HideSolutionNode = FALSE
	EndGlobalSection
	GlobalSection(ExtensibilityGlobals) = postSolution
		SolutionGuid = {3A3A01C3-7B0C-4543-A3C6-BB10489974AC}
	EndGlobalSection
EndGlobal
